// !$*UTF8*$!
{
	archiveVersion = 1;
	classes = {
	};
	objectVersion = 48;
	objects = {

/* Begin PBXBuildFile section */
		610926A11FADAD060092A67B /* PieViewControls.m in Sources */ = {isa = PBXBuildFile; fileRef = 610926A01FADAD060092A67B /* PieViewControls.m */; };
		610926A41FADAE430092A67B /* TrainingDetailViewController.m in Sources */ = {isa = PBXBuildFile; fileRef = 610926A31FADAE430092A67B /* TrainingDetailViewController.m */; };
		610926A71FAE29120092A67B /* PieView.m in Sources */ = {isa = PBXBuildFile; fileRef = 610926A61FAE29110092A67B /* PieView.m */; };
		61495F961FA4C07900425BD8 /* InputFieldModel.m in Sources */ = {isa = PBXBuildFile; fileRef = 61495F951FA4C07900425BD8 /* InputFieldModel.m */; };
		61495F991FA4C18800425BD8 /* InputFieldViewControls.m in Sources */ = {isa = PBXBuildFile; fileRef = 61495F981FA4C18800425BD8 /* InputFieldViewControls.m */; };
		61495F9C1FA4CD1600425BD8 /* LoginViewController.m in Sources */ = {isa = PBXBuildFile; fileRef = 61495F9B1FA4CD1600425BD8 /* LoginViewController.m */; };
		614F4CEA1FA59A0600E0F9DC /* ButtomLoginControls.m in Sources */ = {isa = PBXBuildFile; fileRef = 614F4CE91FA59A0600E0F9DC /* ButtomLoginControls.m */; };
		614F4CED1FA59D8D00E0F9DC /* ButtomLoginModel.m in Sources */ = {isa = PBXBuildFile; fileRef = 614F4CEC1FA59D8D00E0F9DC /* ButtomLoginModel.m */; };
		614F4CF11FA5EBCE00E0F9DC /* ProfileViewController.m in Sources */ = {isa = PBXBuildFile; fileRef = 614F4CF01FA5EBCE00E0F9DC /* ProfileViewController.m */; };
		614F4CF51FA5EDF400E0F9DC /* ProfileModel.m in Sources */ = {isa = PBXBuildFile; fileRef = 614F4CF41FA5EDF400E0F9DC /* ProfileModel.m */; };
		614F4CF81FA5EE1A00E0F9DC /* ProfileViewControls.m in Sources */ = {isa = PBXBuildFile; fileRef = 614F4CF71FA5EE1A00E0F9DC /* ProfileViewControls.m */; };
		614F4CFB1FA5FA0000E0F9DC /* SettingViewController.m in Sources */ = {isa = PBXBuildFile; fileRef = 614F4CFA1FA5FA0000E0F9DC /* SettingViewController.m */; };
		614F4D021FA6042000E0F9DC /* SettingViewControls.m in Sources */ = {isa = PBXBuildFile; fileRef = 614F4D011FA6042000E0F9DC /* SettingViewControls.m */; };
		614F4D051FA6118600E0F9DC /* StateViewController.m in Sources */ = {isa = PBXBuildFile; fileRef = 614F4D041FA6118600E0F9DC /* StateViewController.m */; };
		614F4D081FA618D800E0F9DC /* FindPassWordViewController.m in Sources */ = {isa = PBXBuildFile; fileRef = 614F4D071FA618D800E0F9DC /* FindPassWordViewController.m */; };
		614F4D0B1FA61E0A00E0F9DC /* CalendarViewController.m in Sources */ = {isa = PBXBuildFile; fileRef = 614F4D0A1FA61E0A00E0F9DC /* CalendarViewController.m */; };
		614F4D0F1FA6206600E0F9DC /* CalendarViewControls.m in Sources */ = {isa = PBXBuildFile; fileRef = 614F4D0E1FA6206600E0F9DC /* CalendarViewControls.m */; };
		6156EB581FA1F95D00661303 /* AppDelegate.m in Sources */ = {isa = PBXBuildFile; fileRef = 6156EB571FA1F95D00661303 /* AppDelegate.m */; };
		6156EB601FA1F95E00661303 /* Assets.xcassets in Resources */ = {isa = PBXBuildFile; fileRef = 6156EB5F1FA1F95E00661303 /* Assets.xcassets */; };
		6156EB661FA1F95E00661303 /* main.m in Sources */ = {isa = PBXBuildFile; fileRef = 6156EB651FA1F95E00661303 /* main.m */; };
		6156EB701FA1F95E00661303 /* CP_FitnessTests.m in Sources */ = {isa = PBXBuildFile; fileRef = 6156EB6F1FA1F95E00661303 /* CP_FitnessTests.m */; };
		6156EB7B1FA1F95E00661303 /* CP_FitnessUITests.m in Sources */ = {isa = PBXBuildFile; fileRef = 6156EB7A1FA1F95E00661303 /* CP_FitnessUITests.m */; };
		6156EB8B1FA1FA2700661303 /* BaseViewController.m in Sources */ = {isa = PBXBuildFile; fileRef = 6156EB8A1FA1FA2700661303 /* BaseViewController.m */; };
		6156EB961FA2001600661303 /* AppDelegate+AppService.m in Sources */ = {isa = PBXBuildFile; fileRef = 6156EB951FA2001600661303 /* AppDelegate+AppService.m */; };
		6156EBA91FA251E200661303 /* RegisterViewController.m in Sources */ = {isa = PBXBuildFile; fileRef = 6156EBA81FA251E200661303 /* RegisterViewController.m */; };
		6157503F1FA751F100834247 /* CalendarCell.m in Sources */ = {isa = PBXBuildFile; fileRef = 6157503E1FA751F100834247 /* CalendarCell.m */; };
		615750421FA770E000834247 /* NSData+ZJNSData.m in Sources */ = {isa = PBXBuildFile; fileRef = 615750411FA770E000834247 /* NSData+ZJNSData.m */; };
		68A9C698B9FEEC8B9350B8C4 /* libPods-CP-Fitness.a in Frameworks */ = {isa = PBXBuildFile; fileRef = 40BC7F9F833AE80B09576FBB /* libPods-CP-Fitness.a */; };
/* End PBXBuildFile section */

/* Begin PBXContainerItemProxy section */
		6156EB6C1FA1F95E00661303 /* PBXContainerItemProxy */ = {
			isa = PBXContainerItemProxy;
			containerPortal = 6156EB4B1FA1F95D00661303 /* Project object */;
			proxyType = 1;
			remoteGlobalIDString = 6156EB521FA1F95D00661303;
			remoteInfo = "CP-Fitness";
		};
		6156EB771FA1F95E00661303 /* PBXContainerItemProxy */ = {
			isa = PBXContainerItemProxy;
			containerPortal = 6156EB4B1FA1F95D00661303 /* Project object */;
			proxyType = 1;
			remoteGlobalIDString = 6156EB521FA1F95D00661303;
			remoteInfo = "CP-Fitness";
		};
/* End PBXContainerItemProxy section */

/* Begin PBXFileReference section */
		40BC7F9F833AE80B09576FBB /* libPods-CP-Fitness.a */ = {isa = PBXFileReference; explicitFileType = archive.ar; includeInIndex = 0; path = "libPods-CP-Fitness.a"; sourceTree = BUILT_PRODUCTS_DIR; };
		6109269F1FADAD060092A67B /* PieViewControls.h */ = {isa = PBXFileReference; lastKnownFileType = sourcecode.c.h; path = PieViewControls.h; sourceTree = "<group>"; };
		610926A01FADAD060092A67B /* PieViewControls.m */ = {isa = PBXFileReference; lastKnownFileType = sourcecode.c.objc; path = PieViewControls.m; sourceTree = "<group>"; };
		610926A21FADAE430092A67B /* TrainingDetailViewController.h */ = {isa = PBXFileReference; lastKnownFileType = sourcecode.c.h; path = TrainingDetailViewController.h; sourceTree = "<group>"; };
		610926A31FADAE430092A67B /* TrainingDetailViewController.m */ = {isa = PBXFileReference; lastKnownFileType = sourcecode.c.objc; path = TrainingDetailViewController.m; sourceTree = "<group>"; };
		610926A51FAE29100092A67B /* PieView.h */ = {isa = PBXFileReference; lastKnownFileType = sourcecode.c.h; path = PieView.h; sourceTree = "<group>"; };
		610926A61FAE29110092A67B /* PieView.m */ = {isa = PBXFileReference; lastKnownFileType = sourcecode.c.objc; path = PieView.m; sourceTree = "<group>"; };
		61495F901FA4B5D700425BD8 /* AutoLayerMacros.h */ = {isa = PBXFileReference; lastKnownFileType = sourcecode.c.h; path = AutoLayerMacros.h; sourceTree = "<group>"; };
		61495F941FA4C07900425BD8 /* InputFieldModel.h */ = {isa = PBXFileReference; lastKnownFileType = sourcecode.c.h; path = InputFieldModel.h; sourceTree = "<group>"; };
		61495F951FA4C07900425BD8 /* InputFieldModel.m */ = {isa = PBXFileReference; lastKnownFileType = sourcecode.c.objc; path = InputFieldModel.m; sourceTree = "<group>"; };
		61495F971FA4C18800425BD8 /* InputFieldViewControls.h */ = {isa = PBXFileReference; lastKnownFileType = sourcecode.c.h; path = InputFieldViewControls.h; sourceTree = "<group>"; };
		61495F981FA4C18800425BD8 /* InputFieldViewControls.m */ = {isa = PBXFileReference; lastKnownFileType = sourcecode.c.objc; path = InputFieldViewControls.m; sourceTree = "<group>"; };
		61495F9A1FA4CD1600425BD8 /* LoginViewController.h */ = {isa = PBXFileReference; lastKnownFileType = sourcecode.c.h; path = LoginViewController.h; sourceTree = "<group>"; };
		61495F9B1FA4CD1600425BD8 /* LoginViewController.m */ = {isa = PBXFileReference; lastKnownFileType = sourcecode.c.objc; path = LoginViewController.m; sourceTree = "<group>"; };
		614F4CE81FA59A0600E0F9DC /* ButtomLoginControls.h */ = {isa = PBXFileReference; lastKnownFileType = sourcecode.c.h; path = ButtomLoginControls.h; sourceTree = "<group>"; };
		614F4CE91FA59A0600E0F9DC /* ButtomLoginControls.m */ = {isa = PBXFileReference; lastKnownFileType = sourcecode.c.objc; path = ButtomLoginControls.m; sourceTree = "<group>"; };
		614F4CEB1FA59D8D00E0F9DC /* ButtomLoginModel.h */ = {isa = PBXFileReference; lastKnownFileType = sourcecode.c.h; path = ButtomLoginModel.h; sourceTree = "<group>"; };
		614F4CEC1FA59D8D00E0F9DC /* ButtomLoginModel.m */ = {isa = PBXFileReference; lastKnownFileType = sourcecode.c.objc; path = ButtomLoginModel.m; sourceTree = "<group>"; };
		614F4CEF1FA5EBCE00E0F9DC /* ProfileViewController.h */ = {isa = PBXFileReference; lastKnownFileType = sourcecode.c.h; path = ProfileViewController.h; sourceTree = "<group>"; };
		614F4CF01FA5EBCE00E0F9DC /* ProfileViewController.m */ = {isa = PBXFileReference; lastKnownFileType = sourcecode.c.objc; path = ProfileViewController.m; sourceTree = "<group>"; };
		614F4CF31FA5EDF400E0F9DC /* ProfileModel.h */ = {isa = PBXFileReference; lastKnownFileType = sourcecode.c.h; path = ProfileModel.h; sourceTree = "<group>"; };
		614F4CF41FA5EDF400E0F9DC /* ProfileModel.m */ = {isa = PBXFileReference; lastKnownFileType = sourcecode.c.objc; path = ProfileModel.m; sourceTree = "<group>"; };
		614F4CF61FA5EE1A00E0F9DC /* ProfileViewControls.h */ = {isa = PBXFileReference; lastKnownFileType = sourcecode.c.h; path = ProfileViewControls.h; sourceTree = "<group>"; };
		614F4CF71FA5EE1A00E0F9DC /* ProfileViewControls.m */ = {isa = PBXFileReference; lastKnownFileType = sourcecode.c.objc; path = ProfileViewControls.m; sourceTree = "<group>"; };
		614F4CF91FA5FA0000E0F9DC /* SettingViewController.h */ = {isa = PBXFileReference; lastKnownFileType = sourcecode.c.h; path = SettingViewController.h; sourceTree = "<group>"; };
		614F4CFA1FA5FA0000E0F9DC /* SettingViewController.m */ = {isa = PBXFileReference; lastKnownFileType = sourcecode.c.objc; path = SettingViewController.m; sourceTree = "<group>"; };
		614F4D001FA6042000E0F9DC /* SettingViewControls.h */ = {isa = PBXFileReference; lastKnownFileType = sourcecode.c.h; path = SettingViewControls.h; sourceTree = "<group>"; };
		614F4D011FA6042000E0F9DC /* SettingViewControls.m */ = {isa = PBXFileReference; lastKnownFileType = sourcecode.c.objc; path = SettingViewControls.m; sourceTree = "<group>"; };
		614F4D031FA6118600E0F9DC /* StateViewController.h */ = {isa = PBXFileReference; lastKnownFileType = sourcecode.c.h; path = StateViewController.h; sourceTree = "<group>"; };
		614F4D041FA6118600E0F9DC /* StateViewController.m */ = {isa = PBXFileReference; lastKnownFileType = sourcecode.c.objc; path = StateViewController.m; sourceTree = "<group>"; };
		614F4D061FA618D800E0F9DC /* FindPassWordViewController.h */ = {isa = PBXFileReference; lastKnownFileType = sourcecode.c.h; path = FindPassWordViewController.h; sourceTree = "<group>"; };
		614F4D071FA618D800E0F9DC /* FindPassWordViewController.m */ = {isa = PBXFileReference; lastKnownFileType = sourcecode.c.objc; path = FindPassWordViewController.m; sourceTree = "<group>"; };
		614F4D091FA61E0A00E0F9DC /* CalendarViewController.h */ = {isa = PBXFileReference; lastKnownFileType = sourcecode.c.h; path = CalendarViewController.h; sourceTree = "<group>"; };
		614F4D0A1FA61E0A00E0F9DC /* CalendarViewController.m */ = {isa = PBXFileReference; lastKnownFileType = sourcecode.c.objc; path = CalendarViewController.m; sourceTree = "<group>"; };
		614F4D0D1FA6206600E0F9DC /* CalendarViewControls.h */ = {isa = PBXFileReference; lastKnownFileType = sourcecode.c.h; path = CalendarViewControls.h; sourceTree = "<group>"; };
		614F4D0E1FA6206600E0F9DC /* CalendarViewControls.m */ = {isa = PBXFileReference; lastKnownFileType = sourcecode.c.objc; path = CalendarViewControls.m; sourceTree = "<group>"; };
		6156EB531FA1F95D00661303 /* CP-Fitness.app */ = {isa = PBXFileReference; explicitFileType = wrapper.application; includeInIndex = 0; path = "CP-Fitness.app"; sourceTree = BUILT_PRODUCTS_DIR; };
		6156EB561FA1F95D00661303 /* AppDelegate.h */ = {isa = PBXFileReference; lastKnownFileType = sourcecode.c.h; path = AppDelegate.h; sourceTree = "<group>"; };
		6156EB571FA1F95D00661303 /* AppDelegate.m */ = {isa = PBXFileReference; lastKnownFileType = sourcecode.c.objc; path = AppDelegate.m; sourceTree = "<group>"; };
		6156EB5F1FA1F95E00661303 /* Assets.xcassets */ = {isa = PBXFileReference; lastKnownFileType = folder.assetcatalog; path = Assets.xcassets; sourceTree = "<group>"; };
		6156EB641FA1F95E00661303 /* Info.plist */ = {isa = PBXFileReference; lastKnownFileType = text.plist.xml; path = Info.plist; sourceTree = "<group>"; };
		6156EB651FA1F95E00661303 /* main.m */ = {isa = PBXFileReference; lastKnownFileType = sourcecode.c.objc; path = main.m; sourceTree = "<group>"; };
		6156EB6B1FA1F95E00661303 /* CP-FitnessTests.xctest */ = {isa = PBXFileReference; explicitFileType = wrapper.cfbundle; includeInIndex = 0; path = "CP-FitnessTests.xctest"; sourceTree = BUILT_PRODUCTS_DIR; };
		6156EB6F1FA1F95E00661303 /* CP_FitnessTests.m */ = {isa = PBXFileReference; lastKnownFileType = sourcecode.c.objc; path = CP_FitnessTests.m; sourceTree = "<group>"; };
		6156EB711FA1F95E00661303 /* Info.plist */ = {isa = PBXFileReference; lastKnownFileType = text.plist.xml; path = Info.plist; sourceTree = "<group>"; };
		6156EB761FA1F95E00661303 /* CP-FitnessUITests.xctest */ = {isa = PBXFileReference; explicitFileType = wrapper.cfbundle; includeInIndex = 0; path = "CP-FitnessUITests.xctest"; sourceTree = BUILT_PRODUCTS_DIR; };
		6156EB7A1FA1F95E00661303 /* CP_FitnessUITests.m */ = {isa = PBXFileReference; lastKnownFileType = sourcecode.c.objc; path = CP_FitnessUITests.m; sourceTree = "<group>"; };
		6156EB7C1FA1F95E00661303 /* Info.plist */ = {isa = PBXFileReference; lastKnownFileType = text.plist.xml; path = Info.plist; sourceTree = "<group>"; };
		6156EB891FA1FA2700661303 /* BaseViewController.h */ = {isa = PBXFileReference; lastKnownFileType = sourcecode.c.h; path = BaseViewController.h; sourceTree = "<group>"; };
		6156EB8A1FA1FA2700661303 /* BaseViewController.m */ = {isa = PBXFileReference; lastKnownFileType = sourcecode.c.objc; path = BaseViewController.m; sourceTree = "<group>"; };
		6156EB941FA2001600661303 /* AppDelegate+AppService.h */ = {isa = PBXFileReference; lastKnownFileType = sourcecode.c.h; path = "AppDelegate+AppService.h"; sourceTree = "<group>"; };
		6156EB951FA2001600661303 /* AppDelegate+AppService.m */ = {isa = PBXFileReference; lastKnownFileType = sourcecode.c.objc; path = "AppDelegate+AppService.m"; sourceTree = "<group>"; };
		6156EB971FA201AD00661303 /* UtilsMacros.h */ = {isa = PBXFileReference; lastKnownFileType = sourcecode.c.h; path = UtilsMacros.h; sourceTree = "<group>"; };
		6156EB981FA2049A00661303 /* PrefixHeader.pch */ = {isa = PBXFileReference; lastKnownFileType = sourcecode.c.h; path = PrefixHeader.pch; sourceTree = "<group>"; };
		6156EB991FA2469000661303 /* URLMacros.h */ = {isa = PBXFileReference; lastKnownFileType = sourcecode.c.h; path = URLMacros.h; sourceTree = "<group>"; };
		6156EB9A1FA246BC00661303 /* CommonMacros.h */ = {isa = PBXFileReference; lastKnownFileType = sourcecode.c.h; path = CommonMacros.h; sourceTree = "<group>"; };
		6156EB9B1FA246D900661303 /* FontAndColorMacros.h */ = {isa = PBXFileReference; lastKnownFileType = sourcecode.c.h; path = FontAndColorMacros.h; sourceTree = "<group>"; };
		6156EB9C1FA246F000661303 /* ThirdMacros.h */ = {isa = PBXFileReference; lastKnownFileType = sourcecode.c.h; path = ThirdMacros.h; sourceTree = "<group>"; };
		6156EBA11FA249A900661303 /* coolplay 接口.doc */ = {isa = PBXFileReference; lastKnownFileType = file; path = "coolplay 接口.doc"; sourceTree = "<group>"; };
		6156EBA71FA251E200661303 /* RegisterViewController.h */ = {isa = PBXFileReference; lastKnownFileType = sourcecode.c.h; path = RegisterViewController.h; sourceTree = "<group>"; };
		6156EBA81FA251E200661303 /* RegisterViewController.m */ = {isa = PBXFileReference; lastKnownFileType = sourcecode.c.objc; path = RegisterViewController.m; sourceTree = "<group>"; };
		6157503D1FA751F100834247 /* CalendarCell.h */ = {isa = PBXFileReference; lastKnownFileType = sourcecode.c.h; path = CalendarCell.h; sourceTree = "<group>"; };
		6157503E1FA751F100834247 /* CalendarCell.m */ = {isa = PBXFileReference; lastKnownFileType = sourcecode.c.objc; path = CalendarCell.m; sourceTree = "<group>"; };
		615750401FA770E000834247 /* NSData+ZJNSData.h */ = {isa = PBXFileReference; lastKnownFileType = sourcecode.c.h; path = "NSData+ZJNSData.h"; sourceTree = "<group>"; };
		615750411FA770E000834247 /* NSData+ZJNSData.m */ = {isa = PBXFileReference; lastKnownFileType = sourcecode.c.objc; path = "NSData+ZJNSData.m"; sourceTree = "<group>"; };
		B80E4E58E7016967CEE22358 /* Pods-CP-Fitness.release.xcconfig */ = {isa = PBXFileReference; includeInIndex = 1; lastKnownFileType = text.xcconfig; name = "Pods-CP-Fitness.release.xcconfig"; path = "Pods/Target Support Files/Pods-CP-Fitness/Pods-CP-Fitness.release.xcconfig"; sourceTree = "<group>"; };
		E06580A369004A09E558F909 /* Pods-CP-Fitness.debug.xcconfig */ = {isa = PBXFileReference; includeInIndex = 1; lastKnownFileType = text.xcconfig; name = "Pods-CP-Fitness.debug.xcconfig"; path = "Pods/Target Support Files/Pods-CP-Fitness/Pods-CP-Fitness.debug.xcconfig"; sourceTree = "<group>"; };
/* End PBXFileReference section */

/* Begin PBXFrameworksBuildPhase section */
		6156EB501FA1F95D00661303 /* Frameworks */ = {
			isa = PBXFrameworksBuildPhase;
			buildActionMask = 2147483647;
			files = (
				68A9C698B9FEEC8B9350B8C4 /* libPods-CP-Fitness.a in Frameworks */,
			);
			runOnlyForDeploymentPostprocessing = 0;
		};
		6156EB681FA1F95E00661303 /* Frameworks */ = {
			isa = PBXFrameworksBuildPhase;
			buildActionMask = 2147483647;
			files = (
			);
			runOnlyForDeploymentPostprocessing = 0;
		};
		6156EB731FA1F95E00661303 /* Frameworks */ = {
			isa = PBXFrameworksBuildPhase;
			buildActionMask = 2147483647;
			files = (
			);
			runOnlyForDeploymentPostprocessing = 0;
		};
/* End PBXFrameworksBuildPhase section */

/* Begin PBXGroup section */
		6109269E1FADACC50092A67B /* PieControls */ = {
			isa = PBXGroup;
			children = (
				6109269F1FADAD060092A67B /* PieViewControls.h */,
				610926A01FADAD060092A67B /* PieViewControls.m */,
				610926A51FAE29100092A67B /* PieView.h */,
				610926A61FAE29110092A67B /* PieView.m */,
			);
			path = PieControls;
			sourceTree = "<group>";
		};
		61495F911FA4BCA400425BD8 /* CustomControls */ = {
			isa = PBXGroup;
			children = (
				6109269E1FADACC50092A67B /* PieControls */,
				614F4D0C1FA6202C00E0F9DC /* CalendarControls */,
				614F4CFC1FA6027C00E0F9DC /* SettingControls */,
				614F4CF21FA5EDD200E0F9DC /* ProfileControlls */,
				614F4CE11FA5987800E0F9DC /* ButtomLoginControls */,
				61495F921FA4BFA300425BD8 /* InputFieldControls */,
			);
			path = CustomControls;
			sourceTree = "<group>";
		};
		61495F921FA4BFA300425BD8 /* InputFieldControls */ = {
			isa = PBXGroup;
			children = (
				61495F941FA4C07900425BD8 /* InputFieldModel.h */,
				61495F951FA4C07900425BD8 /* InputFieldModel.m */,
				61495F971FA4C18800425BD8 /* InputFieldViewControls.h */,
				61495F981FA4C18800425BD8 /* InputFieldViewControls.m */,
			);
			path = InputFieldControls;
			sourceTree = "<group>";
		};
		614F4CE11FA5987800E0F9DC /* ButtomLoginControls */ = {
			isa = PBXGroup;
			children = (
				614F4CE81FA59A0600E0F9DC /* ButtomLoginControls.h */,
				614F4CE91FA59A0600E0F9DC /* ButtomLoginControls.m */,
				614F4CEB1FA59D8D00E0F9DC /* ButtomLoginModel.h */,
				614F4CEC1FA59D8D00E0F9DC /* ButtomLoginModel.m */,
			);
			path = ButtomLoginControls;
			sourceTree = "<group>";
		};
		614F4CEE1FA5EB9400E0F9DC /* Profile */ = {
			isa = PBXGroup;
			children = (
				614F4CEF1FA5EBCE00E0F9DC /* ProfileViewController.h */,
				614F4CF01FA5EBCE00E0F9DC /* ProfileViewController.m */,
				614F4CF91FA5FA0000E0F9DC /* SettingViewController.h */,
				614F4CFA1FA5FA0000E0F9DC /* SettingViewController.m */,
				614F4D091FA61E0A00E0F9DC /* CalendarViewController.h */,
				614F4D0A1FA61E0A00E0F9DC /* CalendarViewController.m */,
			);
			path = Profile;
			sourceTree = "<group>";
		};
		614F4CF21FA5EDD200E0F9DC /* ProfileControlls */ = {
			isa = PBXGroup;
			children = (
				614F4CF31FA5EDF400E0F9DC /* ProfileModel.h */,
				614F4CF41FA5EDF400E0F9DC /* ProfileModel.m */,
				614F4CF61FA5EE1A00E0F9DC /* ProfileViewControls.h */,
				614F4CF71FA5EE1A00E0F9DC /* ProfileViewControls.m */,
			);
			path = ProfileControlls;
			sourceTree = "<group>";
		};
		614F4CFC1FA6027C00E0F9DC /* SettingControls */ = {
			isa = PBXGroup;
			children = (
				614F4D001FA6042000E0F9DC /* SettingViewControls.h */,
				614F4D011FA6042000E0F9DC /* SettingViewControls.m */,
			);
			path = SettingControls;
			sourceTree = "<group>";
		};
		614F4D0C1FA6202C00E0F9DC /* CalendarControls */ = {
			isa = PBXGroup;
			children = (
				6157503D1FA751F100834247 /* CalendarCell.h */,
				6157503E1FA751F100834247 /* CalendarCell.m */,
				614F4D0D1FA6206600E0F9DC /* CalendarViewControls.h */,
				614F4D0E1FA6206600E0F9DC /* CalendarViewControls.m */,
				615750401FA770E000834247 /* NSData+ZJNSData.h */,
				615750411FA770E000834247 /* NSData+ZJNSData.m */,
			);
			path = CalendarControls;
			sourceTree = "<group>";
		};
		6156EB4A1FA1F95D00661303 = {
			isa = PBXGroup;
			children = (
				6156EB551FA1F95D00661303 /* CP-Fitness */,
				6156EB6E1FA1F95E00661303 /* CP-FitnessTests */,
				6156EB791FA1F95E00661303 /* CP-FitnessUITests */,
				6156EB541FA1F95D00661303 /* Products */,
				F8021C20C23737D36AF2FAA5 /* Pods */,
				D6CD379CAC28BB72E52EDA28 /* Frameworks */,
			);
			sourceTree = "<group>";
		};
		6156EB541FA1F95D00661303 /* Products */ = {
			isa = PBXGroup;
			children = (
				6156EB531FA1F95D00661303 /* CP-Fitness.app */,
				6156EB6B1FA1F95E00661303 /* CP-FitnessTests.xctest */,
				6156EB761FA1F95E00661303 /* CP-FitnessUITests.xctest */,
			);
			name = Products;
			sourceTree = "<group>";
		};
		6156EB551FA1F95D00661303 /* CP-Fitness */ = {
			isa = PBXGroup;
			children = (
				6156EB641FA1F95E00661303 /* Info.plist */,
				6156EB8C1FA1FD0900661303 /* AppDelegate */,
				6156EB8F1FA1FD5E00661303 /* Base */,
				6156EBAA1FA2532100661303 /* Category */,
				61495F911FA4BCA400425BD8 /* CustomControls */,
				6156EB911FA1FD7D00661303 /* Define */,
				6156EB8D1FA1FD4400661303 /* Manager */,
				6156EB881FA1F9D000661303 /* Modules */,
				6156EB921FA1FD8600661303 /* Resource */,
				6156EB931FA1FD9900661303 /* Supporting Files */,
				6156EB901FA1FD6A00661303 /* ThirdParty */,
				6156EB8E1FA1FD5000661303 /* Utils */,
			);
			path = "CP-Fitness";
			sourceTree = "<group>";
		};
		6156EB6E1FA1F95E00661303 /* CP-FitnessTests */ = {
			isa = PBXGroup;
			children = (
				6156EB6F1FA1F95E00661303 /* CP_FitnessTests.m */,
				6156EB711FA1F95E00661303 /* Info.plist */,
			);
			path = "CP-FitnessTests";
			sourceTree = "<group>";
		};
		6156EB791FA1F95E00661303 /* CP-FitnessUITests */ = {
			isa = PBXGroup;
			children = (
				6156EB7A1FA1F95E00661303 /* CP_FitnessUITests.m */,
				6156EB7C1FA1F95E00661303 /* Info.plist */,
			);
			path = "CP-FitnessUITests";
			sourceTree = "<group>";
		};
		6156EB881FA1F9D000661303 /* Modules */ = {
			isa = PBXGroup;
			children = (
				614F4CEE1FA5EB9400E0F9DC /* Profile */,
				6156EBA51FA2516000661303 /* PersonRegister */,
				6156EBA41FA2514C00661303 /* Home */,
				6156EBA31FA250ED00661303 /* LoginRegister */,
			);
			path = Modules;
			sourceTree = "<group>";
		};
		6156EB8C1FA1FD0900661303 /* AppDelegate */ = {
			isa = PBXGroup;
			children = (
				6156EB561FA1F95D00661303 /* AppDelegate.h */,
				6156EB571FA1F95D00661303 /* AppDelegate.m */,
				6156EB941FA2001600661303 /* AppDelegate+AppService.h */,
				6156EB951FA2001600661303 /* AppDelegate+AppService.m */,
			);
			path = AppDelegate;
			sourceTree = "<group>";
		};
		6156EB8D1FA1FD4400661303 /* Manager */ = {
			isa = PBXGroup;
			children = (
			);
			path = Manager;
			sourceTree = "<group>";
		};
		6156EB8E1FA1FD5000661303 /* Utils */ = {
			isa = PBXGroup;
			children = (
			);
			path = Utils;
			sourceTree = "<group>";
		};
		6156EB8F1FA1FD5E00661303 /* Base */ = {
			isa = PBXGroup;
			children = (
				6156EB891FA1FA2700661303 /* BaseViewController.h */,
				6156EB8A1FA1FA2700661303 /* BaseViewController.m */,
			);
			path = Base;
			sourceTree = "<group>";
		};
		6156EB901FA1FD6A00661303 /* ThirdParty */ = {
			isa = PBXGroup;
			children = (
			);
			path = ThirdParty;
			sourceTree = "<group>";
		};
		6156EB911FA1FD7D00661303 /* Define */ = {
			isa = PBXGroup;
			children = (
				61495F901FA4B5D700425BD8 /* AutoLayerMacros.h */,
				6156EB9A1FA246BC00661303 /* CommonMacros.h */,
				6156EB9B1FA246D900661303 /* FontAndColorMacros.h */,
				6156EB9C1FA246F000661303 /* ThirdMacros.h */,
				6156EB991FA2469000661303 /* URLMacros.h */,
				6156EB971FA201AD00661303 /* UtilsMacros.h */,
			);
			path = Define;
			sourceTree = "<group>";
		};
		6156EB921FA1FD8600661303 /* Resource */ = {
			isa = PBXGroup;
			children = (
				6156EBA11FA249A900661303 /* coolplay 接口.doc */,
			);
			path = Resource;
			sourceTree = "<group>";
		};
		6156EB931FA1FD9900661303 /* Supporting Files */ = {
			isa = PBXGroup;
			children = (
				6156EB5F1FA1F95E00661303 /* Assets.xcassets */,
				6156EB651FA1F95E00661303 /* main.m */,
				6156EB981FA2049A00661303 /* PrefixHeader.pch */,
			);
			path = "Supporting Files";
			sourceTree = "<group>";
		};
		6156EBA31FA250ED00661303 /* LoginRegister */ = {
			isa = PBXGroup;
			children = (
				614F4D061FA618D800E0F9DC /* FindPassWordViewController.h */,
				614F4D071FA618D800E0F9DC /* FindPassWordViewController.m */,
				61495F9A1FA4CD1600425BD8 /* LoginViewController.h */,
				61495F9B1FA4CD1600425BD8 /* LoginViewController.m */,
				6156EBA71FA251E200661303 /* RegisterViewController.h */,
				6156EBA81FA251E200661303 /* RegisterViewController.m */,
				614F4D031FA6118600E0F9DC /* StateViewController.h */,
				614F4D041FA6118600E0F9DC /* StateViewController.m */,
			);
			path = LoginRegister;
			sourceTree = "<group>";
		};
		6156EBA41FA2514C00661303 /* Home */ = {
			isa = PBXGroup;
			children = (
			);
			path = Home;
			sourceTree = "<group>";
		};
		6156EBA51FA2516000661303 /* PersonRegister */ = {
			isa = PBXGroup;
			children = (
				610926A21FADAE430092A67B /* TrainingDetailViewController.h */,
				610926A31FADAE430092A67B /* TrainingDetailViewController.m */,
			);
			path = PersonRegister;
			sourceTree = "<group>";
		};
		6156EBAA1FA2532100661303 /* Category */ = {
			isa = PBXGroup;
			children = (
			);
			path = Category;
			sourceTree = "<group>";
		};
		D6CD379CAC28BB72E52EDA28 /* Frameworks */ = {
			isa = PBXGroup;
			children = (
				40BC7F9F833AE80B09576FBB /* libPods-CP-Fitness.a */,
			);
			name = Frameworks;
			sourceTree = "<group>";
		};
		F8021C20C23737D36AF2FAA5 /* Pods */ = {
			isa = PBXGroup;
			children = (
				E06580A369004A09E558F909 /* Pods-CP-Fitness.debug.xcconfig */,
				B80E4E58E7016967CEE22358 /* Pods-CP-Fitness.release.xcconfig */,
			);
			name = Pods;
			sourceTree = "<group>";
		};
/* End PBXGroup section */

/* Begin PBXNativeTarget section */
		6156EB521FA1F95D00661303 /* CP-Fitness */ = {
			isa = PBXNativeTarget;
			buildConfigurationList = 6156EB7F1FA1F95E00661303 /* Build configuration list for PBXNativeTarget "CP-Fitness" */;
			buildPhases = (
				786950605C6F672461AFDFEF /* [CP] Check Pods Manifest.lock */,
				6156EB4F1FA1F95D00661303 /* Sources */,
				6156EB501FA1F95D00661303 /* Frameworks */,
				6156EB511FA1F95D00661303 /* Resources */,
				9FEC138192D9F1AC067D5DA0 /* [CP] Embed Pods Frameworks */,
				A7F08E059D23486179A76329 /* [CP] Copy Pods Resources */,
			);
			buildRules = (
			);
			dependencies = (
			);
			name = "CP-Fitness";
			productName = "CP-Fitness";
			productReference = 6156EB531FA1F95D00661303 /* CP-Fitness.app */;
			productType = "com.apple.product-type.application";
		};
		6156EB6A1FA1F95E00661303 /* CP-FitnessTests */ = {
			isa = PBXNativeTarget;
			buildConfigurationList = 6156EB821FA1F95E00661303 /* Build configuration list for PBXNativeTarget "CP-FitnessTests" */;
			buildPhases = (
				6156EB671FA1F95E00661303 /* Sources */,
				6156EB681FA1F95E00661303 /* Frameworks */,
				6156EB691FA1F95E00661303 /* Resources */,
			);
			buildRules = (
			);
			dependencies = (
				6156EB6D1FA1F95E00661303 /* PBXTargetDependency */,
			);
			name = "CP-FitnessTests";
			productName = "CP-FitnessTests";
			productReference = 6156EB6B1FA1F95E00661303 /* CP-FitnessTests.xctest */;
			productType = "com.apple.product-type.bundle.unit-test";
		};
		6156EB751FA1F95E00661303 /* CP-FitnessUITests */ = {
			isa = PBXNativeTarget;
			buildConfigurationList = 6156EB851FA1F95E00661303 /* Build configuration list for PBXNativeTarget "CP-FitnessUITests" */;
			buildPhases = (
				6156EB721FA1F95E00661303 /* Sources */,
				6156EB731FA1F95E00661303 /* Frameworks */,
				6156EB741FA1F95E00661303 /* Resources */,
			);
			buildRules = (
			);
			dependencies = (
				6156EB781FA1F95E00661303 /* PBXTargetDependency */,
			);
			name = "CP-FitnessUITests";
			productName = "CP-FitnessUITests";
			productReference = 6156EB761FA1F95E00661303 /* CP-FitnessUITests.xctest */;
			productType = "com.apple.product-type.bundle.ui-testing";
		};
/* End PBXNativeTarget section */

/* Begin PBXProject section */
		6156EB4B1FA1F95D00661303 /* Project object */ = {
			isa = PBXProject;
			attributes = {
				LastUpgradeCheck = 0900;
				ORGANIZATIONNAME = "Jing Zhang";
				TargetAttributes = {
					6156EB521FA1F95D00661303 = {
						CreatedOnToolsVersion = 9.0;
						ProvisioningStyle = Automatic;
					};
					6156EB6A1FA1F95E00661303 = {
						CreatedOnToolsVersion = 9.0;
						ProvisioningStyle = Automatic;
						TestTargetID = 6156EB521FA1F95D00661303;
					};
					6156EB751FA1F95E00661303 = {
						CreatedOnToolsVersion = 9.0;
						ProvisioningStyle = Automatic;
						TestTargetID = 6156EB521FA1F95D00661303;
					};
				};
			};
			buildConfigurationList = 6156EB4E1FA1F95D00661303 /* Build configuration list for PBXProject "CP-Fitness" */;
			compatibilityVersion = "Xcode 8.0";
			developmentRegion = en;
			hasScannedForEncodings = 0;
			knownRegions = (
				en,
				Base,
			);
			mainGroup = 6156EB4A1FA1F95D00661303;
			productRefGroup = 6156EB541FA1F95D00661303 /* Products */;
			projectDirPath = "";
			projectRoot = "";
			targets = (
				6156EB521FA1F95D00661303 /* CP-Fitness */,
				6156EB6A1FA1F95E00661303 /* CP-FitnessTests */,
				6156EB751FA1F95E00661303 /* CP-FitnessUITests */,
			);
		};
/* End PBXProject section */

/* Begin PBXResourcesBuildPhase section */
		6156EB511FA1F95D00661303 /* Resources */ = {
			isa = PBXResourcesBuildPhase;
			buildActionMask = 2147483647;
			files = (
				6156EB601FA1F95E00661303 /* Assets.xcassets in Resources */,
			);
			runOnlyForDeploymentPostprocessing = 0;
		};
		6156EB691FA1F95E00661303 /* Resources */ = {
			isa = PBXResourcesBuildPhase;
			buildActionMask = 2147483647;
			files = (
			);
			runOnlyForDeploymentPostprocessing = 0;
		};
		6156EB741FA1F95E00661303 /* Resources */ = {
			isa = PBXResourcesBuildPhase;
			buildActionMask = 2147483647;
			files = (
			);
			runOnlyForDeploymentPostprocessing = 0;
		};
/* End PBXResourcesBuildPhase section */

/* Begin PBXShellScriptBuildPhase section */
		786950605C6F672461AFDFEF /* [CP] Check Pods Manifest.lock */ = {
			isa = PBXShellScriptBuildPhase;
			buildActionMask = 2147483647;
			files = (
			);
			inputPaths = (
				"${PODS_PODFILE_DIR_PATH}/Podfile.lock",
				"${PODS_ROOT}/Manifest.lock",
			);
			name = "[CP] Check Pods Manifest.lock";
			outputPaths = (
				"$(DERIVED_FILE_DIR)/Pods-CP-Fitness-checkManifestLockResult.txt",
			);
			runOnlyForDeploymentPostprocessing = 0;
			shellPath = /bin/sh;
			shellScript = "diff \"${PODS_PODFILE_DIR_PATH}/Podfile.lock\" \"${PODS_ROOT}/Manifest.lock\" > /dev/null\nif [ $? != 0 ] ; then\n    # print error to STDERR\n    echo \"error: The sandbox is not in sync with the Podfile.lock. Run 'pod install' or update your CocoaPods installation.\" >&2\n    exit 1\nfi\n# This output is used by Xcode 'outputs' to avoid re-running this script phase.\necho \"SUCCESS\" > \"${SCRIPT_OUTPUT_FILE_0}\"\n";
			showEnvVarsInLog = 0;
		};
		9FEC138192D9F1AC067D5DA0 /* [CP] Embed Pods Frameworks */ = {
			isa = PBXShellScriptBuildPhase;
			buildActionMask = 2147483647;
			files = (
			);
			inputPaths = (
			);
			name = "[CP] Embed Pods Frameworks";
			outputPaths = (
			);
			runOnlyForDeploymentPostprocessing = 0;
			shellPath = /bin/sh;
			shellScript = "\"${SRCROOT}/Pods/Target Support Files/Pods-CP-Fitness/Pods-CP-Fitness-frameworks.sh\"\n";
			showEnvVarsInLog = 0;
		};
		A7F08E059D23486179A76329 /* [CP] Copy Pods Resources */ = {
			isa = PBXShellScriptBuildPhase;
			buildActionMask = 2147483647;
			files = (
			);
			inputPaths = (
				"${SRCROOT}/Pods/Target Support Files/Pods-CP-Fitness/Pods-CP-Fitness-resources.sh",
				"${PODS_ROOT}/MJRefresh/MJRefresh/MJRefresh.bundle",
			);
			name = "[CP] Copy Pods Resources";
			outputPaths = (
				"${TARGET_BUILD_DIR}/${UNLOCALIZED_RESOURCES_FOLDER_PATH}",
			);
			runOnlyForDeploymentPostprocessing = 0;
			shellPath = /bin/sh;
			shellScript = "\"${SRCROOT}/Pods/Target Support Files/Pods-CP-Fitness/Pods-CP-Fitness-resources.sh\"\n";
			showEnvVarsInLog = 0;
		};
/* End PBXShellScriptBuildPhase section */

/* Begin PBXSourcesBuildPhase section */
		6156EB4F1FA1F95D00661303 /* Sources */ = {
			isa = PBXSourcesBuildPhase;
			buildActionMask = 2147483647;
			files = (
				610926A41FADAE430092A67B /* TrainingDetailViewController.m in Sources */,
				61495F9C1FA4CD1600425BD8 /* LoginViewController.m in Sources */,
				6156EBA91FA251E200661303 /* RegisterViewController.m in Sources */,
				614F4CED1FA59D8D00E0F9DC /* ButtomLoginModel.m in Sources */,
				614F4D051FA6118600E0F9DC /* StateViewController.m in Sources */,
				614F4CFB1FA5FA0000E0F9DC /* SettingViewController.m in Sources */,
				614F4D0F1FA6206600E0F9DC /* CalendarViewControls.m in Sources */,
				6156EB961FA2001600661303 /* AppDelegate+AppService.m in Sources */,
				6156EB661FA1F95E00661303 /* main.m in Sources */,
				61495F991FA4C18800425BD8 /* InputFieldViewControls.m in Sources */,
				6156EB8B1FA1FA2700661303 /* BaseViewController.m in Sources */,
				614F4CF51FA5EDF400E0F9DC /* ProfileModel.m in Sources */,
				6156EB581FA1F95D00661303 /* AppDelegate.m in Sources */,
				614F4CF11FA5EBCE00E0F9DC /* ProfileViewController.m in Sources */,
				614F4CEA1FA59A0600E0F9DC /* ButtomLoginControls.m in Sources */,
				614F4D021FA6042000E0F9DC /* SettingViewControls.m in Sources */,
				615750421FA770E000834247 /* NSData+ZJNSData.m in Sources */,
				61495F961FA4C07900425BD8 /* InputFieldModel.m in Sources */,
				614F4D0B1FA61E0A00E0F9DC /* CalendarViewController.m in Sources */,
				614F4D081FA618D800E0F9DC /* FindPassWordViewController.m in Sources */,
				610926A11FADAD060092A67B /* PieViewControls.m in Sources */,
				610926A71FAE29120092A67B /* PieView.m in Sources */,
				614F4CF81FA5EE1A00E0F9DC /* ProfileViewControls.m in Sources */,
				6157503F1FA751F100834247 /* CalendarCell.m in Sources */,
			);
			runOnlyForDeploymentPostprocessing = 0;
		};
		6156EB671FA1F95E00661303 /* Sources */ = {
			isa = PBXSourcesBuildPhase;
			buildActionMask = 2147483647;
			files = (
				6156EB701FA1F95E00661303 /* CP_FitnessTests.m in Sources */,
			);
			runOnlyForDeploymentPostprocessing = 0;
		};
		6156EB721FA1F95E00661303 /* Sources */ = {
			isa = PBXSourcesBuildPhase;
			buildActionMask = 2147483647;
			files = (
				6156EB7B1FA1F95E00661303 /* CP_FitnessUITests.m in Sources */,
			);
			runOnlyForDeploymentPostprocessing = 0;
		};
/* End PBXSourcesBuildPhase section */

/* Begin PBXTargetDependency section */
		6156EB6D1FA1F95E00661303 /* PBXTargetDependency */ = {
			isa = PBXTargetDependency;
			target = 6156EB521FA1F95D00661303 /* CP-Fitness */;
			targetProxy = 6156EB6C1FA1F95E00661303 /* PBXContainerItemProxy */;
		};
		6156EB781FA1F95E00661303 /* PBXTargetDependency */ = {
			isa = PBXTargetDependency;
			target = 6156EB521FA1F95D00661303 /* CP-Fitness */;
			targetProxy = 6156EB771FA1F95E00661303 /* PBXContainerItemProxy */;
		};
/* End PBXTargetDependency section */

/* Begin XCBuildConfiguration section */
		6156EB7D1FA1F95E00661303 /* Debug */ = {
			isa = XCBuildConfiguration;
			buildSettings = {
				ALWAYS_SEARCH_USER_PATHS = NO;
				CLANG_ANALYZER_NONNULL = YES;
				CLANG_ANALYZER_NUMBER_OBJECT_CONVERSION = YES_AGGRESSIVE;
				CLANG_CXX_LANGUAGE_STANDARD = "gnu++14";
				CLANG_CXX_LIBRARY = "libc++";
				CLANG_ENABLE_MODULES = YES;
				CLANG_ENABLE_OBJC_ARC = YES;
				CLANG_WARN_BLOCK_CAPTURE_AUTORELEASING = YES;
				CLANG_WARN_BOOL_CONVERSION = YES;
				CLANG_WARN_COMMA = YES;
				CLANG_WARN_CONSTANT_CONVERSION = YES;
				CLANG_WARN_DIRECT_OBJC_ISA_USAGE = YES_ERROR;
				CLANG_WARN_DOCUMENTATION_COMMENTS = YES;
				CLANG_WARN_EMPTY_BODY = YES;
				CLANG_WARN_ENUM_CONVERSION = YES;
				CLANG_WARN_INFINITE_RECURSION = YES;
				CLANG_WARN_INT_CONVERSION = YES;
				CLANG_WARN_NON_LITERAL_NULL_CONVERSION = YES;
				CLANG_WARN_OBJC_LITERAL_CONVERSION = YES;
				CLANG_WARN_OBJC_ROOT_CLASS = YES_ERROR;
				CLANG_WARN_RANGE_LOOP_ANALYSIS = YES;
				CLANG_WARN_STRICT_PROTOTYPES = YES;
				CLANG_WARN_SUSPICIOUS_MOVE = YES;
				CLANG_WARN_UNGUARDED_AVAILABILITY = YES_AGGRESSIVE;
				CLANG_WARN_UNREACHABLE_CODE = YES;
				CLANG_WARN__DUPLICATE_METHOD_MATCH = YES;
				CODE_SIGN_IDENTITY = "iPhone Developer";
				COPY_PHASE_STRIP = NO;
				DEBUG_INFORMATION_FORMAT = dwarf;
				ENABLE_STRICT_OBJC_MSGSEND = YES;
				ENABLE_TESTABILITY = YES;
				GCC_C_LANGUAGE_STANDARD = gnu11;
				GCC_DYNAMIC_NO_PIC = NO;
				GCC_NO_COMMON_BLOCKS = YES;
				GCC_OPTIMIZATION_LEVEL = 0;
				GCC_PREPROCESSOR_DEFINITIONS = (
					"DEBUG=1",
					"$(inherited)",
				);
				GCC_WARN_64_TO_32_BIT_CONVERSION = YES;
				GCC_WARN_ABOUT_RETURN_TYPE = YES_ERROR;
				GCC_WARN_UNDECLARED_SELECTOR = YES;
				GCC_WARN_UNINITIALIZED_AUTOS = YES_AGGRESSIVE;
				GCC_WARN_UNUSED_FUNCTION = YES;
				GCC_WARN_UNUSED_VARIABLE = YES;
				IPHONEOS_DEPLOYMENT_TARGET = 11.0;
				MTL_ENABLE_DEBUG_INFO = YES;
				ONLY_ACTIVE_ARCH = YES;
				SDKROOT = iphoneos;
			};
			name = Debug;
		};
		6156EB7E1FA1F95E00661303 /* Release */ = {
			isa = XCBuildConfiguration;
			buildSettings = {
				ALWAYS_SEARCH_USER_PATHS = NO;
				CLANG_ANALYZER_NONNULL = YES;
				CLANG_ANALYZER_NUMBER_OBJECT_CONVERSION = YES_AGGRESSIVE;
				CLANG_CXX_LANGUAGE_STANDARD = "gnu++14";
				CLANG_CXX_LIBRARY = "libc++";
				CLANG_ENABLE_MODULES = YES;
				CLANG_ENABLE_OBJC_ARC = YES;
				CLANG_WARN_BLOCK_CAPTURE_AUTORELEASING = YES;
				CLANG_WARN_BOOL_CONVERSION = YES;
				CLANG_WARN_COMMA = YES;
				CLANG_WARN_CONSTANT_CONVERSION = YES;
				CLANG_WARN_DIRECT_OBJC_ISA_USAGE = YES_ERROR;
				CLANG_WARN_DOCUMENTATION_COMMENTS = YES;
				CLANG_WARN_EMPTY_BODY = YES;
				CLANG_WARN_ENUM_CONVERSION = YES;
				CLANG_WARN_INFINITE_RECURSION = YES;
				CLANG_WARN_INT_CONVERSION = YES;
				CLANG_WARN_NON_LITERAL_NULL_CONVERSION = YES;
				CLANG_WARN_OBJC_LITERAL_CONVERSION = YES;
				CLANG_WARN_OBJC_ROOT_CLASS = YES_ERROR;
				CLANG_WARN_RANGE_LOOP_ANALYSIS = YES;
				CLANG_WARN_STRICT_PROTOTYPES = YES;
				CLANG_WARN_SUSPICIOUS_MOVE = YES;
				CLANG_WARN_UNGUARDED_AVAILABILITY = YES_AGGRESSIVE;
				CLANG_WARN_UNREACHABLE_CODE = YES;
				CLANG_WARN__DUPLICATE_METHOD_MATCH = YES;
				CODE_SIGN_IDENTITY = "iPhone Developer";
				COPY_PHASE_STRIP = NO;
				DEBUG_INFORMATION_FORMAT = "dwarf-with-dsym";
				ENABLE_NS_ASSERTIONS = NO;
				ENABLE_STRICT_OBJC_MSGSEND = YES;
				GCC_C_LANGUAGE_STANDARD = gnu11;
				GCC_NO_COMMON_BLOCKS = YES;
				GCC_WARN_64_TO_32_BIT_CONVERSION = YES;
				GCC_WARN_ABOUT_RETURN_TYPE = YES_ERROR;
				GCC_WARN_UNDECLARED_SELECTOR = YES;
				GCC_WARN_UNINITIALIZED_AUTOS = YES_AGGRESSIVE;
				GCC_WARN_UNUSED_FUNCTION = YES;
				GCC_WARN_UNUSED_VARIABLE = YES;
				IPHONEOS_DEPLOYMENT_TARGET = 11.0;
				MTL_ENABLE_DEBUG_INFO = NO;
				SDKROOT = iphoneos;
				VALIDATE_PRODUCT = YES;
			};
			name = Release;
		};
		6156EB801FA1F95E00661303 /* Debug */ = {
			isa = XCBuildConfiguration;
			baseConfigurationReference = E06580A369004A09E558F909 /* Pods-CP-Fitness.debug.xcconfig */;
			buildSettings = {
				ASSETCATALOG_COMPILER_APPICON_NAME = AppIcon;
				CODE_SIGN_STYLE = Automatic;
				DEVELOPMENT_TEAM = 57VQLPLW72;
				GCC_PRECOMPILE_PREFIX_HEADER = YES;
				GCC_PREFIX_HEADER = "CP-Fitness/Supporting Files/PrefixHeader.pch";
				INFOPLIST_FILE = "CP-Fitness/Info.plist";
				IPHONEOS_DEPLOYMENT_TARGET = 8.0;
				LD_RUNPATH_SEARCH_PATHS = "$(inherited) @executable_path/Frameworks";
				PRODUCT_BUNDLE_IDENTIFIER = "success-flower.CP-Fitness";
				PRODUCT_NAME = "$(TARGET_NAME)";
				TARGETED_DEVICE_FAMILY = "1,2";
			};
			name = Debug;
		};
		6156EB811FA1F95E00661303 /* Release */ = {
			isa = XCBuildConfiguration;
			baseConfigurationReference = B80E4E58E7016967CEE22358 /* Pods-CP-Fitness.release.xcconfig */;
			buildSettings = {
				ASSETCATALOG_COMPILER_APPICON_NAME = AppIcon;
				CODE_SIGN_STYLE = Automatic;
				DEVELOPMENT_TEAM = 57VQLPLW72;
				GCC_PRECOMPILE_PREFIX_HEADER = YES;
				GCC_PREFIX_HEADER = "CP-Fitness/Supporting Files/PrefixHeader.pch";
				INFOPLIST_FILE = "CP-Fitness/Info.plist";
				IPHONEOS_DEPLOYMENT_TARGET = 8.0;
				LD_RUNPATH_SEARCH_PATHS = "$(inherited) @executable_path/Frameworks";
				PRODUCT_BUNDLE_IDENTIFIER = "success-flower.CP-Fitness";
				PRODUCT_NAME = "$(TARGET_NAME)";
				TARGETED_DEVICE_FAMILY = "1,2";
			};
			name = Release;
		};
		6156EB831FA1F95E00661303 /* Debug */ = {
			isa = XCBuildConfiguration;
			buildSettings = {
				BUNDLE_LOADER = "$(TEST_HOST)";
				CODE_SIGN_STYLE = Automatic;
				INFOPLIST_FILE = "CP-FitnessTests/Info.plist";
				LD_RUNPATH_SEARCH_PATHS = "$(inherited) @executable_path/Frameworks @loader_path/Frameworks";
				PRODUCT_BUNDLE_IDENTIFIER = "success-flower.CP-FitnessTests";
				PRODUCT_NAME = "$(TARGET_NAME)";
				TARGETED_DEVICE_FAMILY = "1,2";
				TEST_HOST = "$(BUILT_PRODUCTS_DIR)/CP-Fitness.app/CP-Fitness";
			};
			name = Debug;
		};
		6156EB841FA1F95E00661303 /* Release */ = {
			isa = XCBuildConfiguration;
			buildSettings = {
				BUNDLE_LOADER = "$(TEST_HOST)";
				CODE_SIGN_STYLE = Automatic;
				INFOPLIST_FILE = "CP-FitnessTests/Info.plist";
				LD_RUNPATH_SEARCH_PATHS = "$(inherited) @executable_path/Frameworks @loader_path/Frameworks";
				PRODUCT_BUNDLE_IDENTIFIER = "success-flower.CP-FitnessTests";
				PRODUCT_NAME = "$(TARGET_NAME)";
				TARGETED_DEVICE_FAMILY = "1,2";
				TEST_HOST = "$(BUILT_PRODUCTS_DIR)/CP-Fitness.app/CP-Fitness";
			};
			name = Release;
		};
		6156EB861FA1F95E00661303 /* Debug */ = {
			isa = XCBuildConfiguration;
			buildSettings = {
				CODE_SIGN_STYLE = Automatic;
				INFOPLIST_FILE = "CP-FitnessUITests/Info.plist";
				LD_RUNPATH_SEARCH_PATHS = "$(inherited) @executable_path/Frameworks @loader_path/Frameworks";
				PRODUCT_BUNDLE_IDENTIFIER = "success-flower.CP-FitnessUITests";
				PRODUCT_NAME = "$(TARGET_NAME)";
				TARGETED_DEVICE_FAMILY = "1,2";
				TEST_TARGET_NAME = "CP-Fitness";
			};
			name = Debug;
		};
		6156EB871FA1F95E00661303 /* Release */ = {
			isa = XCBuildConfiguration;
			buildSettings = {
				CODE_SIGN_STYLE = Automatic;
				INFOPLIST_FILE = "CP-FitnessUITests/Info.plist";
				LD_RUNPATH_SEARCH_PATHS = "$(inherited) @executable_path/Frameworks @loader_path/Frameworks";
				PRODUCT_BUNDLE_IDENTIFIER = "success-flower.CP-FitnessUITests";
				PRODUCT_NAME = "$(TARGET_NAME)";
				TARGETED_DEVICE_FAMILY = "1,2";
				TEST_TARGET_NAME = "CP-Fitness";
			};
			name = Release;
		};
/* End XCBuildConfiguration section */

/* Begin XCConfigurationList section */
		6156EB4E1FA1F95D00661303 /* Build configuration list for PBXProject "CP-Fitness" */ = {
			isa = XCConfigurationList;
			buildConfigurations = (
				6156EB7D1FA1F95E00661303 /* Debug */,
				6156EB7E1FA1F95E00661303 /* Release */,
			);
			defaultConfigurationIsVisible = 0;
			defaultConfigurationName = Release;
		};
		6156EB7F1FA1F95E00661303 /* Build configuration list for PBXNativeTarget "CP-Fitness" */ = {
			isa = XCConfigurationList;
			buildConfigurations = (
				6156EB801FA1F95E00661303 /* Debug */,
				6156EB811FA1F95E00661303 /* Release */,
			);
			defaultConfigurationIsVisible = 0;
			defaultConfigurationName = Release;
		};
		6156EB821FA1F95E00661303 /* Build configuration list for PBXNativeTarget "CP-FitnessTests" */ = {
			isa = XCConfigurationList;
			buildConfigurations = (
				6156EB831FA1F95E00661303 /* Debug */,
				6156EB841FA1F95E00661303 /* Release */,
			);
			defaultConfigurationIsVisible = 0;
			defaultConfigurationName = Release;
		};
		6156EB851FA1F95E00661303 /* Build configuration list for PBXNativeTarget "CP-FitnessUITests" */ = {
			isa = XCConfigurationList;
			buildConfigurations = (
				6156EB861FA1F95E00661303 /* Debug */,
				6156EB871FA1F95E00661303 /* Release */,
			);
			defaultConfigurationIsVisible = 0;
			defaultConfigurationName = Release;
		};
/* End XCConfigurationList section */
	};
	rootObject = 6156EB4B1FA1F95D00661303 /* Project object */;
}
